
Microsoft Visual Studio Solution File, Format Version 12.00
# Visual Studio Version 17
VisualStudioVersion = 17.5.33424.131
MinimumVisualStudioVersion = 10.0.40219.1
Project("{2150E333-8FDC-42A3-9474-1A3956D46DE8}") = "src", "src", "{7B1DB377-C518-43E0-8952-B1806394875C}"
EndProject
Project("{2150E333-8FDC-42A3-9474-1A3956D46DE8}") = "test", "test", "{B69016C0-EEC7-498D-807B-52693D8AECD7}"
EndProject
Project("{9A19103F-16F7-4668-BE54-9A1E7A4F7556}") = "DSList.API", "src\DSList.API\DSList.API.csproj", "{7A249306-9B64-4946-84B1-CA55DF613FEF}"
EndProject
Project("{9A19103F-16F7-4668-BE54-9A1E7A4F7556}") = "DSList.Service", "src\DSList.Service\DSList.Service.csproj", "{9B5A0A68-74C3-4A23-8F44-BC2157318ECE}"
EndProject
Project("{9A19103F-16F7-4668-BE54-9A1E7A4F7556}") = "DSList.Data", "src\DSList.Data\DSList.Data.csproj", "{18D3B348-ACDC-453B-97E1-62856A7DD366}"
EndProject
Project("{9A19103F-16F7-4668-BE54-9A1E7A4F7556}") = "DSList.API.Test", "test\DSList.API.Test\DSList.API.Test.csproj", "{A406FAE8-1588-48EB-AE05-2EA2E1D6BA36}"
EndProject
Project("{9A19103F-16F7-4668-BE54-9A1E7A4F7556}") = "DSList.Service.Test", "test\DSList.Service.Test\DSList.Service.Test.csproj", "{AACEB60A-5F91-4C45-8F06-E7CE12232F10}"
EndProject
Project("{9A19103F-16F7-4668-BE54-9A1E7A4F7556}") = "DSList.Data.Test", "test\DSList.Data.Test\DSList.Data.Test.csproj", "{A63096CD-C1F4-4F58-B1CC-44D60BC0FEE7}"
EndProject
Project("{9A19103F-16F7-4668-BE54-9A1E7A4F7556}") = "DSList.Test", "test\DSList.Test\DSList.Test.csproj", "{B6D2A408-35A2-411B-BA25-AD85E4CFB6A8}"
EndProject
Project("{FAE04EC0-301F-11D3-BF4B-00C04F79EFBC}") = "SqliteMigrations", "src\SqliteMigrations\SqliteMigrations.csproj", "{65CF583E-FB4E-4061-888F-68644F6C8BBB}"
EndProject
Project("{FAE04EC0-301F-11D3-BF4B-00C04F79EFBC}") = "PostgresMigrations", "src\PostgresMigrations\PostgresMigrations.csproj", "{2624698C-EE40-4B14-82D6-5A6C84F195C8}"
EndProject
Global
	GlobalSection(SolutionConfigurationPlatforms) = preSolution
		Debug|Any CPU = Debug|Any CPU
		Release|Any CPU = Release|Any CPU
	EndGlobalSection
	GlobalSection(ProjectConfigurationPlatforms) = postSolution
		{7A249306-9B64-4946-84B1-CA55DF613FEF}.Debug|Any CPU.ActiveCfg = Debug|Any CPU
		{7A249306-9B64-4946-84B1-CA55DF613FEF}.Debug|Any CPU.Build.0 = Debug|Any CPU
		{7A249306-9B64-4946-84B1-CA55DF613FEF}.Release|Any CPU.ActiveCfg = Release|Any CPU
		{7A249306-9B64-4946-84B1-CA55DF613FEF}.Release|Any CPU.Build.0 = Release|Any CPU
		{9B5A0A68-74C3-4A23-8F44-BC2157318ECE}.Debug|Any CPU.ActiveCfg = Debug|Any CPU
		{9B5A0A68-74C3-4A23-8F44-BC2157318ECE}.Debug|Any CPU.Build.0 = Debug|Any CPU
		{9B5A0A68-74C3-4A23-8F44-BC2157318ECE}.Release|Any CPU.ActiveCfg = Release|Any CPU
		{9B5A0A68-74C3-4A23-8F44-BC2157318ECE}.Release|Any CPU.Build.0 = Release|Any CPU
		{18D3B348-ACDC-453B-97E1-62856A7DD366}.Debug|Any CPU.ActiveCfg = Debug|Any CPU
		{18D3B348-ACDC-453B-97E1-62856A7DD366}.Debug|Any CPU.Build.0 = Debug|Any CPU
		{18D3B348-ACDC-453B-97E1-62856A7DD366}.Release|Any CPU.ActiveCfg = Release|Any CPU
		{18D3B348-ACDC-453B-97E1-62856A7DD366}.Release|Any CPU.Build.0 = Release|Any CPU
		{A406FAE8-1588-48EB-AE05-2EA2E1D6BA36}.Debug|Any CPU.ActiveCfg = Debug|Any CPU
		{A406FAE8-1588-48EB-AE05-2EA2E1D6BA36}.Debug|Any CPU.Build.0 = Debug|Any CPU
		{A406FAE8-1588-48EB-AE05-2EA2E1D6BA36}.Release|Any CPU.ActiveCfg = Release|Any CPU
		{A406FAE8-1588-48EB-AE05-2EA2E1D6BA36}.Release|Any CPU.Build.0 = Release|Any CPU
		{AACEB60A-5F91-4C45-8F06-E7CE12232F10}.Debug|Any CPU.ActiveCfg = Debug|Any CPU
		{AACEB60A-5F91-4C45-8F06-E7CE12232F10}.Debug|Any CPU.Build.0 = Debug|Any CPU
		{AACEB60A-5F91-4C45-8F06-E7CE12232F10}.Release|Any CPU.ActiveCfg = Release|Any CPU
		{AACEB60A-5F91-4C45-8F06-E7CE12232F10}.Release|Any CPU.Build.0 = Release|Any CPU
		{A63096CD-C1F4-4F58-B1CC-44D60BC0FEE7}.Debug|Any CPU.ActiveCfg = Debug|Any CPU
		{A63096CD-C1F4-4F58-B1CC-44D60BC0FEE7}.Debug|Any CPU.Build.0 = Debug|Any CPU
		{A63096CD-C1F4-4F58-B1CC-44D60BC0FEE7}.Release|Any CPU.ActiveCfg = Release|Any CPU
		{A63096CD-C1F4-4F58-B1CC-44D60BC0FEE7}.Release|Any CPU.Build.0 = Release|Any CPU
		{B6D2A408-35A2-411B-BA25-AD85E4CFB6A8}.Debug|Any CPU.ActiveCfg = Debug|Any CPU
		{B6D2A408-35A2-411B-BA25-AD85E4CFB6A8}.Debug|Any CPU.Build.0 = Debug|Any CPU
		{B6D2A408-35A2-411B-BA25-AD85E4CFB6A8}.Release|Any CPU.ActiveCfg = Release|Any CPU
		{B6D2A408-35A2-411B-BA25-AD85E4CFB6A8}.Release|Any CPU.Build.0 = Release|Any CPU
		{65CF583E-FB4E-4061-888F-68644F6C8BBB}.Debug|Any CPU.ActiveCfg = Debug|Any CPU
		{65CF583E-FB4E-4061-888F-68644F6C8BBB}.Debug|Any CPU.Build.0 = Debug|Any CPU
		{65CF583E-FB4E-4061-888F-68644F6C8BBB}.Release|Any CPU.ActiveCfg = Release|Any CPU
		{65CF583E-FB4E-4061-888F-68644F6C8BBB}.Release|Any CPU.Build.0 = Release|Any CPU
		{2624698C-EE40-4B14-82D6-5A6C84F195C8}.Debug|Any CPU.ActiveCfg = Debug|Any CPU
		{2624698C-EE40-4B14-82D6-5A6C84F195C8}.Debug|Any CPU.Build.0 = Debug|Any CPU
		{2624698C-EE40-4B14-82D6-5A6C84F195C8}.Release|Any CPU.ActiveCfg = Release|Any CPU
		{2624698C-EE40-4B14-82D6-5A6C84F195C8}.Release|Any CPU.Build.0 = Release|Any CPU
	EndGlobalSection
	GlobalSection(SolutionProperties) = preSolution
		HideSolutionNode = FALSE
	EndGlobalSection
	GlobalSection(NestedProjects) = preSolution
		{7A249306-9B64-4946-84B1-CA55DF613FEF} = {7B1DB377-C518-43E0-8952-B1806394875C}
		{9B5A0A68-74C3-4A23-8F44-BC2157318ECE} = {7B1DB377-C518-43E0-8952-B1806394875C}
		{18D3B348-ACDC-453B-97E1-62856A7DD366} = {7B1DB377-C518-43E0-8952-B1806394875C}
		{A406FAE8-1588-48EB-AE05-2EA2E1D6BA36} = {B69016C0-EEC7-498D-807B-52693D8AECD7}
		{AACEB60A-5F91-4C45-8F06-E7CE12232F10} = {B69016C0-EEC7-498D-807B-52693D8AECD7}
		{A63096CD-C1F4-4F58-B1CC-44D60BC0FEE7} = {B69016C0-EEC7-498D-807B-52693D8AECD7}
		{B6D2A408-35A2-411B-BA25-AD85E4CFB6A8} = {B69016C0-EEC7-498D-807B-52693D8AECD7}
		{65CF583E-FB4E-4061-888F-68644F6C8BBB} = {7B1DB377-C518-43E0-8952-B1806394875C}
		{2624698C-EE40-4B14-82D6-5A6C84F195C8} = {7B1DB377-C518-43E0-8952-B1806394875C}
	EndGlobalSection
	GlobalSection(ExtensibilityGlobals) = postSolution
		SolutionGuid = {C765D315-65FB-4EC0-B769-02941AF2E68B}
	EndGlobalSection
EndGlobal
